version = 1
revision = 3
requires-python = ">=3.12"

[[package]]
name = "bug-repro"
version = "0.1.0"
source = { virtual = "." }
dependencies = [
    { name = "dependency" },
]

[package.metadata]
requires-dist = [{ name = "dependency", git = "https://github.com/Jonas-Puksta-Sensmetry/Bug-Repro.git?subdirectory=dependency&branch=dependency-update" }]

[[package]]
name = "dependency"
version = "0.2.0"
source = { git = "https://github.com/Jonas-Puksta-Sensmetry/Bug-Repro.git?subdirectory=dependency&branch=dependency-update#55892996fa61091116070d8c4084d3dbfeab9854" }
