version = 1
revision = 2
requires-python = ">=3.12"

[[package]]
name = "bug-repro"
version = "0.1.0"
source = { virtual = "." }
dependencies = [
    { name = "dependency" },
]

[package.metadata]
requires-dist = [{ name = "dependency", git = "https://github.com/Jonas-Puksta-Sensmetry/Bug-Repro.git?subdirectory=dependency&branch=dependency-update" }]

[[package]]
name = "dependency"
version = "0.1.0"
source = { git = "https://github.com/Jonas-Puksta-Sensmetry/Bug-Repro.git?subdirectory=dependency&branch=dependency-update#ec9c37fd21ee39449a56b11909de7969d7d277b6" }
